<?xml version="1.0" encoding="utf-8"?>
<Project ToolsVersion="4.0" xmlns="http://schemas.microsoft.com/developer/msbuild/2003">
  <ItemGroup>
    <Filter Include="Source Files">
      <UniqueIdentifier>{4FC737F1-C7A5-4376-A066-2A32D752A2FF}</UniqueIdentifier>
      <Extensions>cpp;c;cc;cxx;def;odl;idl;hpj;bat;asm;asmx</Extensions>
    </Filter>
    <Filter Include="Header Files">
      <UniqueIdentifier>{93995380-89BD-4b04-88EB-625FBE52EBFB}</UniqueIdentifier>
      <Extensions>h;hh;hpp;hxx;hm;inl;inc;ipp;xsd</Extensions>
    </Filter>
    <Filter Include="Resource Files">
      <UniqueIdentifier>{67DA6AB6-F800-4c08-8B7A-83BB121AAD01}</UniqueIdentifier>
      <Extensions>rc;ico;cur;bmp;dlg;rc2;rct;bin;rgs;gif;jpg;jpeg;jpe;resx;tiff;tif;png;wav;mfcribbon-ms</Extensions>
    </Filter>
    <Filter Include="PlatformDependent">
      <UniqueIdentifier>{c44997bb-b65b-4547-9d3d-dd162f4b3ae3}</UniqueIdentifier>
    </Filter>
    <Filter Include="PlatformDependent\Header">
      <UniqueIdentifier>{430e7143-3f2d-4f5e-9305-a5a1e2b13702}</UniqueIdentifier>
    </Filter>
    <Filter Include="PlatformDependent\Source">
      <UniqueIdentifier>{e7df1f34-fb09-4904-94bd-a7370c49abac}</UniqueIdentifier>
    </Filter>
    <Filter Include="Shaders">
      <UniqueIdentifier>{226b91d9-5548-4bfc-ab91-ec36309529f9}</UniqueIdentifier>
    </Filter>
  </ItemGroup>
  <ItemGroup>
    <ClCompile Include="DayDreamEngine.cpp">
      <Filter>Source Files</Filter>
    </ClCompile>
    <ClCompile Include="..\Platform\Universal\Libs\pch.cpp">
      <Filter>Source Files</Filter>
    </ClCompile>
    <ClCompile Include="DreamGraphics.cpp">
      <Filter>Source Files</Filter>
    </ClCompile>
    <ClCompile Include="DreamGLGraphics.cpp">
      <Filter>PlatformDependent\Source</Filter>
    </ClCompile>
    <ClCompile Include="DreamVulkanGraphics.cpp">
      <Filter>PlatformDependent\Source</Filter>
    </ClCompile>
    <ClCompile Include="Libraries\glad.c">
      <Filter>PlatformDependent\Source</Filter>
    </ClCompile>
    <ClCompile Include="DreamMesh.cpp">
      <Filter>Source Files</Filter>
    </ClCompile>
    <ClCompile Include="DreamShader.cpp">
      <Filter>Source Files</Filter>
    </ClCompile>
    <ClCompile Include="DreamBuffer.cpp">
      <Filter>Source Files</Filter>
    </ClCompile>
    <ClCompile Include="DreamDX11Graphics.cpp">
      <Filter>PlatformDependent\Source</Filter>
    </ClCompile>
    <ClCompile Include="DreamDX12Graphics.cpp">
      <Filter>PlatformDependent\Source</Filter>
    </ClCompile>
    <ClCompile Include="DreamGameObject.cpp">
      <Filter>Source Files</Filter>
    </ClCompile>
    <ClCompile Include="DreamCamera.cpp">
      <Filter>Source Files</Filter>
    </ClCompile>
    <ClCompile Include="DreamCameraManager.cpp">
      <Filter>Source Files</Filter>
    </ClCompile>
    <ClCompile Include="DreamMaterial.cpp">
      <Filter>Source Files</Filter>
    </ClCompile>
    <ClCompile Include="DreamShaderLinker.cpp">
      <Filter>Source Files</Filter>
    </ClCompile>
    <ClCompile Include="DreamTexture.cpp">
      <Filter>Source Files</Filter>
    </ClCompile>
  </ItemGroup>
  <ItemGroup>
    <ClInclude Include="..\Platform\Universal\Includes\pch.h">
      <Filter>Header Files</Filter>
    </ClInclude>
    <ClInclude Include="DreamGraphics.h">
      <Filter>Header Files</Filter>
    </ClInclude>
    <ClInclude Include="DreamVulkanGraphics.h">
      <Filter>PlatformDependent\Header</Filter>
    </ClInclude>
    <ClInclude Include="DreamGLGraphics.h">
      <Filter>PlatformDependent\Header</Filter>
    </ClInclude>
    <ClInclude Include="DreamMesh.h">
      <Filter>Header Files</Filter>
    </ClInclude>
    <ClInclude Include="DreamBuffer.h">
      <Filter>Header Files</Filter>
    </ClInclude>
    <ClInclude Include="DreamShader.h">
      <Filter>Header Files</Filter>
    </ClInclude>
    <ClInclude Include="DreamDX11Graphics.h">
      <Filter>PlatformDependent\Header</Filter>
    </ClInclude>
    <ClInclude Include="DreamDX12Graphics.h">
      <Filter>PlatformDependent\Header</Filter>
    </ClInclude>
    <ClInclude Include="DreamGameObject.h">
      <Filter>Header Files</Filter>
    </ClInclude>
    <ClInclude Include="DreamCamera.h">
      <Filter>Header Files</Filter>
    </ClInclude>
    <ClInclude Include="DreamCameraManager.h">
      <Filter>Header Files</Filter>
    </ClInclude>
    <ClInclude Include="DreamMaterial.h">
      <Filter>Header Files</Filter>
    </ClInclude>
    <ClInclude Include="Shaders\MaterialUniformData.h">
      <Filter>Shaders</Filter>
    </ClInclude>
    <ClInclude Include="Shaders\ShaderStructs.h">
      <Filter>Shaders</Filter>
    </ClInclude>
    <ClInclude Include="Shaders\VertexLayout.h">
      <Filter>Shaders</Filter>
    </ClInclude>
    <ClInclude Include="DreamShaderLinker.h">
      <Filter>Header Files</Filter>
    </ClInclude>
    <ClInclude Include="DreamLight.h">
      <Filter>Header Files</Filter>
    </ClInclude>
    <ClInclude Include="DreamTexture.h">
      <Filter>Header Files</Filter>
    </ClInclude>
  </ItemGroup>
  <ItemGroup>
    <None Include="Shaders\pixel.glsl">
      <Filter>Shaders</Filter>
    </None>
    <None Include="Shaders\vertex.glsl">
      <Filter>Shaders</Filter>
    </None>
    <None Include="Shaders\pixel.frag">
      <Filter>Shaders</Filter>
    </None>
    <None Include="Shaders\vertex.vert">
      <Filter>Shaders</Filter>
    </None>
    <None Include="packages.config" />
    <None Include="Shaders\Texture_pixel.frag">
      <Filter>Shaders</Filter>
    </None>
    <None Include="Shaders\Texture_vertex.vert">
      <Filter>Shaders</Filter>
    </None>
  </ItemGroup>
  <ItemGroup>
    <FxCompile Include="Shaders\pixel.hlsl">
      <Filter>Shaders</Filter>
    </FxCompile>
    <FxCompile Include="Shaders\vertex.hlsl">
      <Filter>Shaders</Filter>
    </FxCompile>
  </ItemGroup>
</Project>