
Microsoft Visual Studio Solution File, Format Version 12.00
# Visual Studio Version 17
VisualStudioVersion = 17.4.33205.214
MinimumVisualStudioVersion = 10.0.40219.1
Project("{8BC9CEB8-8B4A-11D0-8D11-00A0C91BC942}") = "DayDreamEngine", "DayDreamEngine\DayDreamEngine.vcxproj", "{371897CD-F7F1-4C60-A82C-9DF2343270D6}"
EndProject
Project("{8BC9CEB8-8B4A-11D0-8D11-00A0C91BC942}") = "DreamLibrary", "DreamLibrary\DreamLibrary.vcxproj", "{401327E5-7C19-4436-B7D9-9C8E07622A1B}"
EndProject
Project("{54435603-DBB4-11D2-8724-00A0C9A8B90C}") = "DayDreamEngineInstaller", "DayDreamEngineInstaller\DayDreamEngineInstaller.vdproj", "{6D77A25A-2521-477E-97FC-6E6347893E05}"
EndProject
Global
	GlobalSection(SolutionConfigurationPlatforms) = preSolution
		DirectX11_Debug|x64 = DirectX11_Debug|x64
		DirectX11_Debug|x86 = DirectX11_Debug|x86
		DirectX11_DebugRelease|x64 = DirectX11_DebugRelease|x64
		DirectX11_DebugRelease|x86 = DirectX11_DebugRelease|x86
		DirectX11_Release|x64 = DirectX11_Release|x64
		DirectX11_Release|x86 = DirectX11_Release|x86
		DirectX12_Debug|x64 = DirectX12_Debug|x64
		DirectX12_Debug|x86 = DirectX12_Debug|x86
		DirectX12_DebugRelease|x64 = DirectX12_DebugRelease|x64
		DirectX12_DebugRelease|x86 = DirectX12_DebugRelease|x86
		DirectX12_Release|x64 = DirectX12_Release|x64
		DirectX12_Release|x86 = DirectX12_Release|x86
		OpenGL_Debug|x64 = OpenGL_Debug|x64
		OpenGL_Debug|x86 = OpenGL_Debug|x86
		OpenGL_DebugRelease|x64 = OpenGL_DebugRelease|x64
		OpenGL_DebugRelease|x86 = OpenGL_DebugRelease|x86
		OpenGL_Release|x64 = OpenGL_Release|x64
		OpenGL_Release|x86 = OpenGL_Release|x86
		Vulkan_Debug|x64 = Vulkan_Debug|x64
		Vulkan_Debug|x86 = Vulkan_Debug|x86
		Vulkan_DebugRelease|x64 = Vulkan_DebugRelease|x64
		Vulkan_DebugRelease|x86 = Vulkan_DebugRelease|x86
		Vulkan_Release|x64 = Vulkan_Release|x64
		Vulkan_Release|x86 = Vulkan_Release|x86
		zLib_Debug|x64 = zLib_Debug|x64
		zLib_Debug|x86 = zLib_Debug|x86
		zLib_DebugRelease|x64 = zLib_DebugRelease|x64
		zLib_DebugRelease|x86 = zLib_DebugRelease|x86
		zLib_Release|x64 = zLib_Release|x64
		zLib_Release|x86 = zLib_Release|x86
	EndGlobalSection
	GlobalSection(ProjectConfigurationPlatforms) = postSolution
		{371897CD-F7F1-4C60-A82C-9DF2343270D6}.DirectX11_Debug|x64.ActiveCfg = DirectX11_Debug|x64
		{371897CD-F7F1-4C60-A82C-9DF2343270D6}.DirectX11_Debug|x64.Build.0 = DirectX11_Debug|x64
		{371897CD-F7F1-4C60-A82C-9DF2343270D6}.DirectX11_Debug|x86.ActiveCfg = DirectX11_Debug|Win32
		{371897CD-F7F1-4C60-A82C-9DF2343270D6}.DirectX11_Debug|x86.Build.0 = DirectX11_Debug|Win32
		{371897CD-F7F1-4C60-A82C-9DF2343270D6}.DirectX11_DebugRelease|x64.ActiveCfg = DirectX11_DebugRelease|x64
		{371897CD-F7F1-4C60-A82C-9DF2343270D6}.DirectX11_DebugRelease|x64.Build.0 = DirectX11_DebugRelease|x64
		{371897CD-F7F1-4C60-A82C-9DF2343270D6}.DirectX11_DebugRelease|x86.ActiveCfg = DirectX11_DebugRelease|Win32
		{371897CD-F7F1-4C60-A82C-9DF2343270D6}.DirectX11_DebugRelease|x86.Build.0 = DirectX11_DebugRelease|Win32
		{371897CD-F7F1-4C60-A82C-9DF2343270D6}.DirectX11_Release|x64.ActiveCfg = DirectX11_Release|x64
		{371897CD-F7F1-4C60-A82C-9DF2343270D6}.DirectX11_Release|x64.Build.0 = DirectX11_Release|x64
		{371897CD-F7F1-4C60-A82C-9DF2343270D6}.DirectX11_Release|x86.ActiveCfg = DirectX11_Release|Win32
		{371897CD-F7F1-4C60-A82C-9DF2343270D6}.DirectX11_Release|x86.Build.0 = DirectX11_Release|Win32
		{371897CD-F7F1-4C60-A82C-9DF2343270D6}.DirectX12_Debug|x64.ActiveCfg = DirectX12_Debug|x64
		{371897CD-F7F1-4C60-A82C-9DF2343270D6}.DirectX12_Debug|x64.Build.0 = DirectX12_Debug|x64
		{371897CD-F7F1-4C60-A82C-9DF2343270D6}.DirectX12_Debug|x86.ActiveCfg = DirectX12_Debug|Win32
		{371897CD-F7F1-4C60-A82C-9DF2343270D6}.DirectX12_Debug|x86.Build.0 = DirectX12_Debug|Win32
		{371897CD-F7F1-4C60-A82C-9DF2343270D6}.DirectX12_DebugRelease|x64.ActiveCfg = DirectX12_DebugRelease|x64
		{371897CD-F7F1-4C60-A82C-9DF2343270D6}.DirectX12_DebugRelease|x64.Build.0 = DirectX12_DebugRelease|x64
		{371897CD-F7F1-4C60-A82C-9DF2343270D6}.DirectX12_DebugRelease|x86.ActiveCfg = DirectX12_DebugRelease|Win32
		{371897CD-F7F1-4C60-A82C-9DF2343270D6}.DirectX12_DebugRelease|x86.Build.0 = DirectX12_DebugRelease|Win32
		{371897CD-F7F1-4C60-A82C-9DF2343270D6}.DirectX12_Release|x64.ActiveCfg = DirectX12_Release|x64
		{371897CD-F7F1-4C60-A82C-9DF2343270D6}.DirectX12_Release|x64.Build.0 = DirectX12_Release|x64
		{371897CD-F7F1-4C60-A82C-9DF2343270D6}.DirectX12_Release|x86.ActiveCfg = DirectX12_Release|Win32
		{371897CD-F7F1-4C60-A82C-9DF2343270D6}.DirectX12_Release|x86.Build.0 = DirectX12_Release|Win32
		{371897CD-F7F1-4C60-A82C-9DF2343270D6}.OpenGL_Debug|x64.ActiveCfg = OpenGL_Debug|x64
		{371897CD-F7F1-4C60-A82C-9DF2343270D6}.OpenGL_Debug|x64.Build.0 = OpenGL_Debug|x64
		{371897CD-F7F1-4C60-A82C-9DF2343270D6}.OpenGL_Debug|x86.ActiveCfg = OpenGL_Debug|Win32
		{371897CD-F7F1-4C60-A82C-9DF2343270D6}.OpenGL_Debug|x86.Build.0 = OpenGL_Debug|Win32
		{371897CD-F7F1-4C60-A82C-9DF2343270D6}.OpenGL_DebugRelease|x64.ActiveCfg = OpenGL_DebugRelease|x64
		{371897CD-F7F1-4C60-A82C-9DF2343270D6}.OpenGL_DebugRelease|x64.Build.0 = OpenGL_DebugRelease|x64
		{371897CD-F7F1-4C60-A82C-9DF2343270D6}.OpenGL_DebugRelease|x86.ActiveCfg = OpenGL_DebugRelease|Win32
		{371897CD-F7F1-4C60-A82C-9DF2343270D6}.OpenGL_DebugRelease|x86.Build.0 = OpenGL_DebugRelease|Win32
		{371897CD-F7F1-4C60-A82C-9DF2343270D6}.OpenGL_Release|x64.ActiveCfg = OpenGL_Release|x64
		{371897CD-F7F1-4C60-A82C-9DF2343270D6}.OpenGL_Release|x64.Build.0 = OpenGL_Release|x64
		{371897CD-F7F1-4C60-A82C-9DF2343270D6}.OpenGL_Release|x86.ActiveCfg = OpenGL_Release|Win32
		{371897CD-F7F1-4C60-A82C-9DF2343270D6}.OpenGL_Release|x86.Build.0 = OpenGL_Release|Win32
		{371897CD-F7F1-4C60-A82C-9DF2343270D6}.Vulkan_Debug|x64.ActiveCfg = Vulkan_Debug|x64
		{371897CD-F7F1-4C60-A82C-9DF2343270D6}.Vulkan_Debug|x64.Build.0 = Vulkan_Debug|x64
		{371897CD-F7F1-4C60-A82C-9DF2343270D6}.Vulkan_Debug|x86.ActiveCfg = Vulkan_Debug|Win32
		{371897CD-F7F1-4C60-A82C-9DF2343270D6}.Vulkan_Debug|x86.Build.0 = Vulkan_Debug|Win32
		{371897CD-F7F1-4C60-A82C-9DF2343270D6}.Vulkan_DebugRelease|x64.ActiveCfg = Vulkan_DebugRelease|x64
		{371897CD-F7F1-4C60-A82C-9DF2343270D6}.Vulkan_DebugRelease|x64.Build.0 = Vulkan_DebugRelease|x64
		{371897CD-F7F1-4C60-A82C-9DF2343270D6}.Vulkan_DebugRelease|x86.ActiveCfg = Vulkan_DebugRelease|Win32
		{371897CD-F7F1-4C60-A82C-9DF2343270D6}.Vulkan_DebugRelease|x86.Build.0 = Vulkan_DebugRelease|Win32
		{371897CD-F7F1-4C60-A82C-9DF2343270D6}.Vulkan_Release|x64.ActiveCfg = Vulkan_Release|x64
		{371897CD-F7F1-4C60-A82C-9DF2343270D6}.Vulkan_Release|x64.Build.0 = Vulkan_Release|x64
		{371897CD-F7F1-4C60-A82C-9DF2343270D6}.Vulkan_Release|x86.ActiveCfg = Vulkan_Release|Win32
		{371897CD-F7F1-4C60-A82C-9DF2343270D6}.Vulkan_Release|x86.Build.0 = Vulkan_Release|Win32
		{371897CD-F7F1-4C60-A82C-9DF2343270D6}.zLib_Debug|x64.ActiveCfg = DirectX11_Debug|x64
		{371897CD-F7F1-4C60-A82C-9DF2343270D6}.zLib_Debug|x86.ActiveCfg = DirectX11_Debug|Win32
		{371897CD-F7F1-4C60-A82C-9DF2343270D6}.zLib_DebugRelease|x64.ActiveCfg = DirectX11_Debug|x64
		{371897CD-F7F1-4C60-A82C-9DF2343270D6}.zLib_DebugRelease|x86.ActiveCfg = DirectX11_DebugRelease|Win32
		{371897CD-F7F1-4C60-A82C-9DF2343270D6}.zLib_Release|x64.ActiveCfg = DirectX11_Release|x64
		{371897CD-F7F1-4C60-A82C-9DF2343270D6}.zLib_Release|x86.ActiveCfg = DirectX11_Release|Win32
		{401327E5-7C19-4436-B7D9-9C8E07622A1B}.DirectX11_Debug|x64.ActiveCfg = Debug|x64
		{401327E5-7C19-4436-B7D9-9C8E07622A1B}.DirectX11_Debug|x86.ActiveCfg = Debug|Win32
		{401327E5-7C19-4436-B7D9-9C8E07622A1B}.DirectX11_DebugRelease|x64.ActiveCfg = DebugRelease|x64
		{401327E5-7C19-4436-B7D9-9C8E07622A1B}.DirectX11_DebugRelease|x86.ActiveCfg = DebugRelease|Win32
		{401327E5-7C19-4436-B7D9-9C8E07622A1B}.DirectX11_Release|x64.ActiveCfg = Release|x64
		{401327E5-7C19-4436-B7D9-9C8E07622A1B}.DirectX11_Release|x86.ActiveCfg = Release|Win32
		{401327E5-7C19-4436-B7D9-9C8E07622A1B}.DirectX12_Debug|x64.ActiveCfg = Debug|x64
		{401327E5-7C19-4436-B7D9-9C8E07622A1B}.DirectX12_Debug|x86.ActiveCfg = Debug|Win32
		{401327E5-7C19-4436-B7D9-9C8E07622A1B}.DirectX12_DebugRelease|x64.ActiveCfg = DebugRelease|x64
		{401327E5-7C19-4436-B7D9-9C8E07622A1B}.DirectX12_DebugRelease|x86.ActiveCfg = DebugRelease|Win32
		{401327E5-7C19-4436-B7D9-9C8E07622A1B}.DirectX12_Release|x64.ActiveCfg = Release|x64
		{401327E5-7C19-4436-B7D9-9C8E07622A1B}.DirectX12_Release|x86.ActiveCfg = Release|Win32
		{401327E5-7C19-4436-B7D9-9C8E07622A1B}.OpenGL_Debug|x64.ActiveCfg = Debug|x64
		{401327E5-7C19-4436-B7D9-9C8E07622A1B}.OpenGL_Debug|x86.ActiveCfg = Debug|Win32
		{401327E5-7C19-4436-B7D9-9C8E07622A1B}.OpenGL_DebugRelease|x64.ActiveCfg = DebugRelease|x64
		{401327E5-7C19-4436-B7D9-9C8E07622A1B}.OpenGL_DebugRelease|x86.ActiveCfg = DebugRelease|Win32
		{401327E5-7C19-4436-B7D9-9C8E07622A1B}.OpenGL_Release|x64.ActiveCfg = Release|x64
		{401327E5-7C19-4436-B7D9-9C8E07622A1B}.OpenGL_Release|x86.ActiveCfg = Release|Win32
		{401327E5-7C19-4436-B7D9-9C8E07622A1B}.Vulkan_Debug|x64.ActiveCfg = Debug|x64
		{401327E5-7C19-4436-B7D9-9C8E07622A1B}.Vulkan_Debug|x86.ActiveCfg = Debug|Win32
		{401327E5-7C19-4436-B7D9-9C8E07622A1B}.Vulkan_DebugRelease|x64.ActiveCfg = DebugRelease|x64
		{401327E5-7C19-4436-B7D9-9C8E07622A1B}.Vulkan_DebugRelease|x86.ActiveCfg = DebugRelease|Win32
		{401327E5-7C19-4436-B7D9-9C8E07622A1B}.Vulkan_Release|x64.ActiveCfg = Release|x64
		{401327E5-7C19-4436-B7D9-9C8E07622A1B}.Vulkan_Release|x86.ActiveCfg = Release|Win32
		{401327E5-7C19-4436-B7D9-9C8E07622A1B}.zLib_Debug|x64.ActiveCfg = Debug|x64
		{401327E5-7C19-4436-B7D9-9C8E07622A1B}.zLib_Debug|x64.Build.0 = Debug|x64
		{401327E5-7C19-4436-B7D9-9C8E07622A1B}.zLib_Debug|x86.ActiveCfg = Debug|Win32
		{401327E5-7C19-4436-B7D9-9C8E07622A1B}.zLib_Debug|x86.Build.0 = Debug|Win32
		{401327E5-7C19-4436-B7D9-9C8E07622A1B}.zLib_DebugRelease|x64.ActiveCfg = DebugRelease|x64
		{401327E5-7C19-4436-B7D9-9C8E07622A1B}.zLib_DebugRelease|x64.Build.0 = DebugRelease|x64
		{401327E5-7C19-4436-B7D9-9C8E07622A1B}.zLib_DebugRelease|x86.ActiveCfg = DebugRelease|Win32
		{401327E5-7C19-4436-B7D9-9C8E07622A1B}.zLib_DebugRelease|x86.Build.0 = DebugRelease|Win32
		{401327E5-7C19-4436-B7D9-9C8E07622A1B}.zLib_Release|x64.ActiveCfg = Release|x64
		{401327E5-7C19-4436-B7D9-9C8E07622A1B}.zLib_Release|x64.Build.0 = Release|x64
		{401327E5-7C19-4436-B7D9-9C8E07622A1B}.zLib_Release|x86.ActiveCfg = Release|Win32
		{401327E5-7C19-4436-B7D9-9C8E07622A1B}.zLib_Release|x86.Build.0 = Release|Win32
		{6D77A25A-2521-477E-97FC-6E6347893E05}.DirectX11_Debug|x64.ActiveCfg = Debug
		{6D77A25A-2521-477E-97FC-6E6347893E05}.DirectX11_Debug|x86.ActiveCfg = Debug
		{6D77A25A-2521-477E-97FC-6E6347893E05}.DirectX11_DebugRelease|x64.ActiveCfg = Release
		{6D77A25A-2521-477E-97FC-6E6347893E05}.DirectX11_DebugRelease|x86.ActiveCfg = Release
		{6D77A25A-2521-477E-97FC-6E6347893E05}.DirectX11_Release|x64.ActiveCfg = Release
		{6D77A25A-2521-477E-97FC-6E6347893E05}.DirectX11_Release|x86.ActiveCfg = Release
		{6D77A25A-2521-477E-97FC-6E6347893E05}.DirectX12_Debug|x64.ActiveCfg = Debug
		{6D77A25A-2521-477E-97FC-6E6347893E05}.DirectX12_Debug|x86.ActiveCfg = Debug
		{6D77A25A-2521-477E-97FC-6E6347893E05}.DirectX12_DebugRelease|x64.ActiveCfg = Release
		{6D77A25A-2521-477E-97FC-6E6347893E05}.DirectX12_DebugRelease|x86.ActiveCfg = Release
		{6D77A25A-2521-477E-97FC-6E6347893E05}.DirectX12_Release|x64.ActiveCfg = Release
		{6D77A25A-2521-477E-97FC-6E6347893E05}.DirectX12_Release|x86.ActiveCfg = Release
		{6D77A25A-2521-477E-97FC-6E6347893E05}.OpenGL_Debug|x64.ActiveCfg = Debug
		{6D77A25A-2521-477E-97FC-6E6347893E05}.OpenGL_Debug|x86.ActiveCfg = Debug
		{6D77A25A-2521-477E-97FC-6E6347893E05}.OpenGL_DebugRelease|x64.ActiveCfg = Release
		{6D77A25A-2521-477E-97FC-6E6347893E05}.OpenGL_DebugRelease|x86.ActiveCfg = Release
		{6D77A25A-2521-477E-97FC-6E6347893E05}.OpenGL_Release|x64.ActiveCfg = Release
		{6D77A25A-2521-477E-97FC-6E6347893E05}.OpenGL_Release|x86.ActiveCfg = Release
		{6D77A25A-2521-477E-97FC-6E6347893E05}.Vulkan_Debug|x64.ActiveCfg = Debug
		{6D77A25A-2521-477E-97FC-6E6347893E05}.Vulkan_Debug|x86.ActiveCfg = Debug
		{6D77A25A-2521-477E-97FC-6E6347893E05}.Vulkan_DebugRelease|x64.ActiveCfg = Release
		{6D77A25A-2521-477E-97FC-6E6347893E05}.Vulkan_DebugRelease|x86.ActiveCfg = Release
		{6D77A25A-2521-477E-97FC-6E6347893E05}.Vulkan_Release|x64.ActiveCfg = Release
		{6D77A25A-2521-477E-97FC-6E6347893E05}.Vulkan_Release|x86.ActiveCfg = Release
		{6D77A25A-2521-477E-97FC-6E6347893E05}.zLib_Debug|x64.ActiveCfg = Debug
		{6D77A25A-2521-477E-97FC-6E6347893E05}.zLib_Debug|x86.ActiveCfg = Debug
		{6D77A25A-2521-477E-97FC-6E6347893E05}.zLib_DebugRelease|x64.ActiveCfg = Release
		{6D77A25A-2521-477E-97FC-6E6347893E05}.zLib_DebugRelease|x86.ActiveCfg = Release
		{6D77A25A-2521-477E-97FC-6E6347893E05}.zLib_Release|x64.ActiveCfg = Release
		{6D77A25A-2521-477E-97FC-6E6347893E05}.zLib_Release|x86.ActiveCfg = Release
	EndGlobalSection
	GlobalSection(SolutionProperties) = preSolution
		HideSolutionNode = FALSE
	EndGlobalSection
	GlobalSection(ExtensibilityGlobals) = postSolution
		SolutionGuid = {F9BCAD6D-6CF2-4422-BF96-454675CF1E3D}
	EndGlobalSection
EndGlobal
